
Microsoft Visual Studio Solution File, Format Version 12.00
# Visual Studio Version 17
VisualStudioVersion = 17.13.35818.85
MinimumVisualStudioVersion = 10.0.40219.1
Project("{FAE04EC0-301F-11D3-BF4B-00C04F79EFBC}") = "DataRequestPipeline", "DataRequestPipeline.csproj", "{3978EF50-7F1A-43C1-A297-7D909F1EB5DF}"
EndProject
Project("{FAE04EC0-301F-11D3-BF4B-00C04F79EFBC}") = "DataRequestPipeline.DataContracts", "DataRequestPipeline.DataContracts\DataRequestPipeline.DataContracts.csproj", "{E89B1A57-A4DF-E7AC-4E99-8CCB126A7BC1}"
EndProject
Project("{FAE04EC0-301F-11D3-BF4B-00C04F79EFBC}") = "SetupPlugin", "SetupPlugin\SetupPlugin\SetupPlugin.csproj", "{A43CBE3E-EA9D-986E-1F59-5BE9A89C7C92}"
EndProject
Project("{FAE04EC0-301F-11D3-BF4B-00C04F79EFBC}") = "AuditRequestCleanPlugin", "AuditRequestCleanPlugin\AuditRequestCleanPlugin.csproj", "{819FE9FE-3616-4DF4-8F22-574F45D9C27B}"
EndProject
Global
	GlobalSection(SolutionConfigurationPlatforms) = preSolution
		Debug|Any CPU = Debug|Any CPU
		Release|Any CPU = Release|Any CPU
	EndGlobalSection
	GlobalSection(ProjectConfigurationPlatforms) = postSolution
		{3978EF50-7F1A-43C1-A297-7D909F1EB5DF}.Debug|Any CPU.ActiveCfg = Debug|Any CPU
		{3978EF50-7F1A-43C1-A297-7D909F1EB5DF}.Debug|Any CPU.Build.0 = Debug|Any CPU
		{3978EF50-7F1A-43C1-A297-7D909F1EB5DF}.Release|Any CPU.ActiveCfg = Release|Any CPU
		{3978EF50-7F1A-43C1-A297-7D909F1EB5DF}.Release|Any CPU.Build.0 = Release|Any CPU
		{E89B1A57-A4DF-E7AC-4E99-8CCB126A7BC1}.Debug|Any CPU.ActiveCfg = Debug|Any CPU
		{E89B1A57-A4DF-E7AC-4E99-8CCB126A7BC1}.Debug|Any CPU.Build.0 = Debug|Any CPU
		{E89B1A57-A4DF-E7AC-4E99-8CCB126A7BC1}.Release|Any CPU.ActiveCfg = Release|Any CPU
		{E89B1A57-A4DF-E7AC-4E99-8CCB126A7BC1}.Release|Any CPU.Build.0 = Release|Any CPU
		{A43CBE3E-EA9D-986E-1F59-5BE9A89C7C92}.Debug|Any CPU.ActiveCfg = Debug|Any CPU
		{A43CBE3E-EA9D-986E-1F59-5BE9A89C7C92}.Debug|Any CPU.Build.0 = Debug|Any CPU
		{A43CBE3E-EA9D-986E-1F59-5BE9A89C7C92}.Release|Any CPU.ActiveCfg = Release|Any CPU
		{A43CBE3E-EA9D-986E-1F59-5BE9A89C7C92}.Release|Any CPU.Build.0 = Release|Any CPU
		{819FE9FE-3616-4DF4-8F22-574F45D9C27B}.Debug|Any CPU.ActiveCfg = Debug|Any CPU
		{819FE9FE-3616-4DF4-8F22-574F45D9C27B}.Debug|Any CPU.Build.0 = Debug|Any CPU
		{819FE9FE-3616-4DF4-8F22-574F45D9C27B}.Release|Any CPU.ActiveCfg = Release|Any CPU
		{819FE9FE-3616-4DF4-8F22-574F45D9C27B}.Release|Any CPU.Build.0 = Release|Any CPU
	EndGlobalSection
	GlobalSection(SolutionProperties) = preSolution
		HideSolutionNode = FALSE
	EndGlobalSection
	GlobalSection(ExtensibilityGlobals) = postSolution
		SolutionGuid = {07B28584-0C72-4285-AEE0-75996FA96C99}
	EndGlobalSection
EndGlobal
